
Microsoft Visual Studio Solution File, Format Version 12.00
# Visual Studio Version 17
VisualStudioVersion = 17.5.33530.505
MinimumVisualStudioVersion = 10.0.40219.1
Project("{FAE04EC0-301F-11D3-BF4B-00C04F79EFBC}") = "Problems", "Problems\Problems.csproj", "{E793C66B-5446-4DA6-BE2F-50D4E9A5615A}"
EndProject
Global
	GlobalSection(SolutionConfigurationPlatforms) = preSolution
		Debug|Any CPU = Debug|Any CPU
		Release|Any CPU = Release|Any CPU
	EndGlobalSection
	GlobalSection(ProjectConfigurationPlatforms) = postSolution
		{E793C66B-5446-4DA6-BE2F-50D4E9A5615A}.Debug|Any CPU.ActiveCfg = Debug|Any CPU
		{E793C66B-5446-4DA6-BE2F-50D4E9A5615A}.Debug|Any CPU.Build.0 = Debug|Any CPU
		{E793C66B-5446-4DA6-BE2F-50D4E9A5615A}.Release|Any CPU.ActiveCfg = Release|Any CPU
		{E793C66B-5446-4DA6-BE2F-50D4E9A5615A}.Release|Any CPU.Build.0 = Release|Any CPU
	EndGlobalSection
	GlobalSection(SolutionProperties) = preSolution
		HideSolutionNode = FALSE
	EndGlobalSection
	GlobalSection(ExtensibilityGlobals) = postSolution
		SolutionGuid = {61427EDF-B844-4D5C-A6B7-A5E108CA04C5}
	EndGlobalSection
EndGlobal
